
Microsoft Visual Studio Solution File, Format Version 12.00
# Visual Studio Version 17
VisualStudioVersion = 17.11.35312.102
MinimumVisualStudioVersion = 10.0.40219.1
Project("{FAE04EC0-301F-11D3-BF4B-00C04F79EFBC}") = "ci-cd", "ci-cd\ci-cd.csproj", "{22720A77-22C8-4730-9475-856C415D7F2E}"
EndProject
Global
	GlobalSection(SolutionConfigurationPlatforms) = preSolution
		Debug|Any CPU = Debug|Any CPU
		Release|Any CPU = Release|Any CPU
	EndGlobalSection
	GlobalSection(ProjectConfigurationPlatforms) = postSolution
		{22720A77-22C8-4730-9475-856C415D7F2E}.Debug|Any CPU.ActiveCfg = Debug|Any CPU
		{22720A77-22C8-4730-9475-856C415D7F2E}.Debug|Any CPU.Build.0 = Debug|Any CPU
		{22720A77-22C8-4730-9475-856C415D7F2E}.Release|Any CPU.ActiveCfg = Release|Any CPU
		{22720A77-22C8-4730-9475-856C415D7F2E}.Release|Any CPU.Build.0 = Release|Any CPU
	EndGlobalSection
	GlobalSection(SolutionProperties) = preSolution
		HideSolutionNode = FALSE
	EndGlobalSection
	GlobalSection(ExtensibilityGlobals) = postSolution
		SolutionGuid = {4378F35F-6BBD-4301-A25F-56DB84C6F599}
	EndGlobalSection
EndGlobal
